
Microsoft Visual Studio Solution File, Format Version 12.00
Project("{FAE04EC0-301F-11D3-BF4B-00C04F79EFBC}") = "TestAPI", "TestAPI\TestAPI.csproj", "{1E178B8E-895C-4CB6-833D-BB2A5443A90B}"
EndProject
Global
	GlobalSection(SolutionConfigurationPlatforms) = preSolution
		Debug|Any CPU = Debug|Any CPU
		Release|Any CPU = Release|Any CPU
	EndGlobalSection
	GlobalSection(ProjectConfigurationPlatforms) = postSolution
		{1E178B8E-895C-4CB6-833D-BB2A5443A90B}.Debug|Any CPU.ActiveCfg = Debug|Any CPU
		{1E178B8E-895C-4CB6-833D-BB2A5443A90B}.Debug|Any CPU.Build.0 = Debug|Any CPU
		{1E178B8E-895C-4CB6-833D-BB2A5443A90B}.Release|Any CPU.ActiveCfg = Release|Any CPU
		{1E178B8E-895C-4CB6-833D-BB2A5443A90B}.Release|Any CPU.Build.0 = Release|Any CPU
	EndGlobalSection
EndGlobal
